
Microsoft Visual Studio Solution File, Format Version 11.00
# Visual Studio 2010
# SharpDevelop 5.2
Project("{FAE04EC0-301F-11D3-BF4B-00C04F79EFBC}") = "StringLurker", "StringLurker\StringLurker.csproj", "{98BD1A74-04F7-4CE5-B534-C3747C985D36}"
EndProject
Global
	GlobalSection(SolutionConfigurationPlatforms) = preSolution
		Debug|Any CPU = Debug|Any CPU
		Release|Any CPU = Release|Any CPU
	EndGlobalSection
	GlobalSection(ProjectConfigurationPlatforms) = postSolution
		{98BD1A74-04F7-4CE5-B534-C3747C985D36}.Debug|Any CPU.ActiveCfg = Debug|Any CPU
		{98BD1A74-04F7-4CE5-B534-C3747C985D36}.Debug|Any CPU.Build.0 = Debug|Any CPU
		{98BD1A74-04F7-4CE5-B534-C3747C985D36}.Release|Any CPU.ActiveCfg = Release|Any CPU
		{98BD1A74-04F7-4CE5-B534-C3747C985D36}.Release|Any CPU.Build.0 = Release|Any CPU
	EndGlobalSection
EndGlobal
